
Microsoft Visual Studio Solution File, Format Version 12.00
# Visual Studio Version 17
VisualStudioVersion = 17.14.36401.2 d17.14
MinimumVisualStudioVersion = 10.0.40219.1
Project("{FAE04EC0-301F-11D3-BF4B-00C04F79EFBC}") = "Movies.API", "MoviesAPI\Movies.API.csproj", "{74E572C1-1CE1-4D46-862B-122B9FEF61C2}"
EndProject
Project("{FAE04EC0-301F-11D3-BF4B-00C04F79EFBC}") = "Movies.Application", "Movies.Application\Movies.Application.csproj", "{A816601C-17CE-4145-87D6-CA33554322B7}"
EndProject
Project("{FAE04EC0-301F-11D3-BF4B-00C04F79EFBC}") = "Movies.Contracts", "Movies.Contracts\Movies.Contracts.csproj", "{FC7BDA7B-25C2-4022-A995-7133DD73D779}"
EndProject
Global
	GlobalSection(SolutionConfigurationPlatforms) = preSolution
		Debug|Any CPU = Debug|Any CPU
		Release|Any CPU = Release|Any CPU
	EndGlobalSection
	GlobalSection(ProjectConfigurationPlatforms) = postSolution
		{74E572C1-1CE1-4D46-862B-122B9FEF61C2}.Debug|Any CPU.ActiveCfg = Debug|Any CPU
		{74E572C1-1CE1-4D46-862B-122B9FEF61C2}.Debug|Any CPU.Build.0 = Debug|Any CPU
		{74E572C1-1CE1-4D46-862B-122B9FEF61C2}.Release|Any CPU.ActiveCfg = Release|Any CPU
		{74E572C1-1CE1-4D46-862B-122B9FEF61C2}.Release|Any CPU.Build.0 = Release|Any CPU
		{A816601C-17CE-4145-87D6-CA33554322B7}.Debug|Any CPU.ActiveCfg = Debug|Any CPU
		{A816601C-17CE-4145-87D6-CA33554322B7}.Debug|Any CPU.Build.0 = Debug|Any CPU
		{A816601C-17CE-4145-87D6-CA33554322B7}.Release|Any CPU.ActiveCfg = Release|Any CPU
		{A816601C-17CE-4145-87D6-CA33554322B7}.Release|Any CPU.Build.0 = Release|Any CPU
		{FC7BDA7B-25C2-4022-A995-7133DD73D779}.Debug|Any CPU.ActiveCfg = Debug|Any CPU
		{FC7BDA7B-25C2-4022-A995-7133DD73D779}.Debug|Any CPU.Build.0 = Debug|Any CPU
		{FC7BDA7B-25C2-4022-A995-7133DD73D779}.Release|Any CPU.ActiveCfg = Release|Any CPU
		{FC7BDA7B-25C2-4022-A995-7133DD73D779}.Release|Any CPU.Build.0 = Release|Any CPU
	EndGlobalSection
	GlobalSection(SolutionProperties) = preSolution
		HideSolutionNode = FALSE
	EndGlobalSection
	GlobalSection(ExtensibilityGlobals) = postSolution
		SolutionGuid = {F74445EB-2AE8-4220-A9A6-181BCE6C70D7}
	EndGlobalSection
EndGlobal
